
Microsoft Visual Studio Solution File, Format Version 12.00
# Visual Studio 2013
VisualStudioVersion = 12.0.40629.0
MinimumVisualStudioVersion = 10.0.40219.1
Project("{2150E333-8FDC-42A3-9474-1A3956D46DE8}") = "Output", "Output", "{3469D036-6807-4302-ABC9-BA78830B76E1}"
EndProject
Project("{2150E333-8FDC-42A3-9474-1A3956D46DE8}") = "Input", "Input", "{AE72FCFC-E40D-41FF-BDCC-1468125FEC93}"
EndProject
Project("{2150E333-8FDC-42A3-9474-1A3956D46DE8}") = "Algorithms", "Algorithms", "{46CAB679-29FB-4174-8D46-6C0ABC695295}"
EndProject
Project("{2150E333-8FDC-42A3-9474-1A3956D46DE8}") = "Core", "Core", "{662E7926-F90E-4F0F-8C61-9E6B9E3B0591}"
EndProject
Project("{FAE04EC0-301F-11D3-BF4B-00C04F79EFBC}") = "Core.Mir", "Mir\Mir\Core.Mir.csproj", "{226C45B2-AC1B-403B-A9AF-4E6D512D5DAE}"
EndProject
Project("{2150E333-8FDC-42A3-9474-1A3956D46DE8}") = "Test", "Test", "{1E70791D-7247-4A8E-8AA1-7A3C36BFBC73}"
EndProject
Project("{FAE04EC0-301F-11D3-BF4B-00C04F79EFBC}") = "Test.TestCore", "Test\Core\TestCore\Test.TestCore.csproj", "{F474A7C8-8DBD-4A78-BC01-033EF1730B16}"
	ProjectSection(ProjectDependencies) = postProject
		{CDE8EB37-79DA-4C69-9C3E-88368CC93523} = {CDE8EB37-79DA-4C69-9C3E-88368CC93523}
		{0EE98652-FE97-461F-859F-FEF463F57EC1} = {0EE98652-FE97-461F-859F-FEF463F57EC1}
		{02E3ABB5-62AD-48D9-A07E-BF8A9442E461} = {02E3ABB5-62AD-48D9-A07E-BF8A9442E461}
		{899B91F5-EF98-4613-BFD3-A4FD22C544F7} = {899B91F5-EF98-4613-BFD3-A4FD22C544F7}
	EndProjectSection
EndProject
Project("{FAE04EC0-301F-11D3-BF4B-00C04F79EFBC}") = "DataProvider.Output.Mir", "DataProvider\Output\DataProvider.Output.Mir\DataProvider.Output.Mir.csproj", "{02E3ABB5-62AD-48D9-A07E-BF8A9442E461}"
EndProject
Project("{2150E333-8FDC-42A3-9474-1A3956D46DE8}") = "DataProvider", "DataProvider", "{3563EFDF-9C43-45CD-BC41-65B48C3408EC}"
EndProject
Project("{FAE04EC0-301F-11D3-BF4B-00C04F79EFBC}") = "DataBaseLink", "DataBaseLink\DataBaseLink\DataBaseLink.csproj", "{CDE8EB37-79DA-4C69-9C3E-88368CC93523}"
EndProject
Project("{FAE04EC0-301F-11D3-BF4B-00C04F79EFBC}") = "Test.TestDbLink", "UnitTestProject1\Test.TestDbLink.csproj", "{EE9F6913-4156-42B7-93A0-F54CF0AC4E1C}"
	ProjectSection(ProjectDependencies) = postProject
		{0EE98652-FE97-461F-859F-FEF463F57EC1} = {0EE98652-FE97-461F-859F-FEF463F57EC1}
		{02E3ABB5-62AD-48D9-A07E-BF8A9442E461} = {02E3ABB5-62AD-48D9-A07E-BF8A9442E461}
		{899B91F5-EF98-4613-BFD3-A4FD22C544F7} = {899B91F5-EF98-4613-BFD3-A4FD22C544F7}
	EndProjectSection
EndProject
Project("{FAE04EC0-301F-11D3-BF4B-00C04F79EFBC}") = "ExcelReader", "ExcelReader\ExcelReader.csproj", "{899B91F5-EF98-4613-BFD3-A4FD22C544F7}"
EndProject
Project("{FAE04EC0-301F-11D3-BF4B-00C04F79EFBC}") = "Test.TestCsvToExcel", "Test\Test.TestCsvToExcel\Test.TestCsvToExcel.csproj", "{B488F265-006A-487C-86C8-B5BDC8482445}"
	ProjectSection(ProjectDependencies) = postProject
		{CDE8EB37-79DA-4C69-9C3E-88368CC93523} = {CDE8EB37-79DA-4C69-9C3E-88368CC93523}
		{0EE98652-FE97-461F-859F-FEF463F57EC1} = {0EE98652-FE97-461F-859F-FEF463F57EC1}
		{226C45B2-AC1B-403B-A9AF-4E6D512D5DAE} = {226C45B2-AC1B-403B-A9AF-4E6D512D5DAE}
		{02E3ABB5-62AD-48D9-A07E-BF8A9442E461} = {02E3ABB5-62AD-48D9-A07E-BF8A9442E461}
		{899B91F5-EF98-4613-BFD3-A4FD22C544F7} = {899B91F5-EF98-4613-BFD3-A4FD22C544F7}
	EndProjectSection
EndProject
Project("{FAE04EC0-301F-11D3-BF4B-00C04F79EFBC}") = "CsvReader", "DataProvider\Input\CsvReader\CsvReader.csproj", "{0EE98652-FE97-461F-859F-FEF463F57EC1}"
EndProject
Project("{FAE04EC0-301F-11D3-BF4B-00C04F79EFBC}") = "Test.DataProvider.CsvReader", "Test\DataProvider\Input\Test.DataProvider.CsvReader\Test.DataProvider.CsvReader.csproj", "{A28A77AA-3D48-441E-8CEA-253000E4452B}"
	ProjectSection(ProjectDependencies) = postProject
		{CDE8EB37-79DA-4C69-9C3E-88368CC93523} = {CDE8EB37-79DA-4C69-9C3E-88368CC93523}
		{02E3ABB5-62AD-48D9-A07E-BF8A9442E461} = {02E3ABB5-62AD-48D9-A07E-BF8A9442E461}
		{899B91F5-EF98-4613-BFD3-A4FD22C544F7} = {899B91F5-EF98-4613-BFD3-A4FD22C544F7}
	EndProjectSection
EndProject
Project("{2150E333-8FDC-42A3-9474-1A3956D46DE8}") = "Core", "Core", "{4605D261-F641-49F4-B398-3A686F238009}"
EndProject
Project("{2150E333-8FDC-42A3-9474-1A3956D46DE8}") = "General", "General", "{B4FDA50C-6A2E-482F-AA79-DA6B499ACD7A}"
EndProject
Project("{2150E333-8FDC-42A3-9474-1A3956D46DE8}") = "DataProvider", "DataProvider", "{672F4648-CB88-4F17-97DF-A174E721FEA4}"
EndProject
Project("{2150E333-8FDC-42A3-9474-1A3956D46DE8}") = "Input", "Input", "{9863865D-557D-478B-AFAD-1E0BFEA30E4D}"
EndProject
Project("{2150E333-8FDC-42A3-9474-1A3956D46DE8}") = "Output", "Output", "{2647CC2F-46BF-4FCE-8A42-911B682E86E2}"
EndProject
Project("{FAE04EC0-301F-11D3-BF4B-00C04F79EFBC}") = "Test.DataProvider.Output.Mir", "Test\DataProvider\Output\Test.DataProvider.Output.Mir\Test.DataProvider.Output.Mir.csproj", "{38171AF0-AE4C-4656-9271-07A3843861EF}"
EndProject
Project("{2150E333-8FDC-42A3-9474-1A3956D46DE8}") = "Converts", "Converts", "{54FD3EA7-BE50-4C09-AF1C-25424BF682C5}"
EndProject
Project("{2150E333-8FDC-42A3-9474-1A3956D46DE8}") = "Algoritms", "Algoritms", "{92B077F8-C58C-4440-AD7D-EAC2BC908D12}"
EndProject
Project("{2150E333-8FDC-42A3-9474-1A3956D46DE8}") = "Converts", "Converts", "{12858A26-F3F4-4C11-90E1-1F5C3E8FC92D}"
EndProject
Project("{FAE04EC0-301F-11D3-BF4B-00C04F79EFBC}") = "ConvertData", "ConvertData\ConvertData.csproj", "{71A937E6-3671-4A47-805D-D72A4601E923}"
EndProject
Project("{FAE04EC0-301F-11D3-BF4B-00C04F79EFBC}") = "TestConvertData", "TestConvertData\TestConvertData.csproj", "{449351DF-EA73-4B4E-9D8C-80D337F01548}"
EndProject
Project("{FAE04EC0-301F-11D3-BF4B-00C04F79EFBC}") = "ExecutorTask", "ExecutorTask\ExecutorTask.csproj", "{A6B923BD-06CC-4B0B-ADDF-A44C7C26C7C0}"
	ProjectSection(ProjectDependencies) = postProject
		{EE9F6913-4156-42B7-93A0-F54CF0AC4E1C} = {EE9F6913-4156-42B7-93A0-F54CF0AC4E1C}
		{B488F265-006A-487C-86C8-B5BDC8482445} = {B488F265-006A-487C-86C8-B5BDC8482445}
		{A28A77AA-3D48-441E-8CEA-253000E4452B} = {A28A77AA-3D48-441E-8CEA-253000E4452B}
		{F474A7C8-8DBD-4A78-BC01-033EF1730B16} = {F474A7C8-8DBD-4A78-BC01-033EF1730B16}
		{449351DF-EA73-4B4E-9D8C-80D337F01548} = {449351DF-EA73-4B4E-9D8C-80D337F01548}
		{38171AF0-AE4C-4656-9271-07A3843861EF} = {38171AF0-AE4C-4656-9271-07A3843861EF}
	EndProjectSection
EndProject
Project("{FAE04EC0-301F-11D3-BF4B-00C04F79EFBC}") = "MirReader", "DataProvider\Input\MirReader\MirReader\MirReader.csproj", "{58A840C0-95D3-4441-9288-91193B65DDB5}"
EndProject
Project("{FAE04EC0-301F-11D3-BF4B-00C04F79EFBC}") = "Test.DataProvider.MirProvider", "Test\DataProvider\Input\Test.DataProvider.MirProvider\Test.DataProvider.MirProvider.csproj", "{202A621D-8C56-4EBD-B8C2-482A1BB158D7}"
EndProject
Project("{FAE04EC0-301F-11D3-BF4B-00C04F79EFBC}") = "CombinedProvider", "DataProvider\Input\CombinedProvider\DataProvider.Input.CombinedProvider\CombinedProvider.csproj", "{6A1B1A0B-4909-46D1-AE18-601DD6A7EAD1}"
EndProject
Project("{FAE04EC0-301F-11D3-BF4B-00C04F79EFBC}") = "Test.DataProvider.CombinedProvider", "Test\DataProvider\Input\Test.DataProvider.CombinedProvider\CombinedProvider\Test.DataProvider.CombinedProvider.csproj", "{2676E765-A706-4E18-A094-6A2C3D6C18CB}"
EndProject
Project("{FAE04EC0-301F-11D3-BF4B-00C04F79EFBC}") = "DataProvider.Output.Excel", "DataProvider\Output\DataProvider.Output.Excel\DataProvider.Output.Excel\DataProvider.Output.Excel.csproj", "{F6362A8A-CEEE-4DA5-9AF8-A0038FB10187}"
EndProject
Project("{FAE04EC0-301F-11D3-BF4B-00C04F79EFBC}") = "Test.DataProvider.Excel", "Test\DataProvider\Output\Test.DataProvider.OutputExcel\Test.DataProvider.Excel\Test.DataProvider.Excel.csproj", "{719E5705-6368-4CE7-BA48-016F55517C55}"
EndProject
Project("{2150E333-8FDC-42A3-9474-1A3956D46DE8}") = "General", "General", "{8480C77A-53EF-42A4-BFD3-136733F8E809}"
EndProject
Project("{2150E333-8FDC-42A3-9474-1A3956D46DE8}") = "Bonds", "Bonds", "{66D18A96-4630-43BD-B239-05F456117359}"
EndProject
Project("{2150E333-8FDC-42A3-9474-1A3956D46DE8}") = "Equities", "Equities", "{E369B219-5B18-454F-93FD-6A07A755E368}"
EndProject
Project("{FAE04EC0-301F-11D3-BF4B-00C04F79EFBC}") = "CalculateVolat", "Algorithms\General\CalculateVolat\CalculateVolat.csproj", "{310EBC62-4B0D-463B-A2DC-79C04DC489AE}"
EndProject
Project("{2150E333-8FDC-42A3-9474-1A3956D46DE8}") = "General", "General", "{CACBB826-FFA9-49B1-BC17-41E663D909FC}"
EndProject
Project("{FAE04EC0-301F-11D3-BF4B-00C04F79EFBC}") = "Test.Algorithms.General", "Test\Algorithms\General\Volat\Test.Algorithms.General\Test.Algorithms.General.csproj", "{4187AC80-19B6-41EC-AD10-D4BEDF888637}"
EndProject
Project("{FAE04EC0-301F-11D3-BF4B-00C04F79EFBC}") = "Algorithms.General.CalculateVar", "Algorithms\General\CalculateVar\Algorithms.General.CalculateVar\Algorithms.General.CalculateVar.csproj", "{48E72CBE-B1A2-4511-95C5-B69B767006CE}"
EndProject
Project("{FAE04EC0-301F-11D3-BF4B-00C04F79EFBC}") = "Test.Algorithms.General.TestVar", "Test.Algorithms.General.TestVar\Test.Algorithms.General.TestVar.csproj", "{3AF8CD81-E2CD-4610-988A-82FD5C19CFC1}"
EndProject
Project("{FAE04EC0-301F-11D3-BF4B-00C04F79EFBC}") = "Algorithms.General.CalculateYield", "Algorithms\General\CalculateYield\Algorithms.General.CalculateYield\Algorithms.General.CalculateYield.csproj", "{D4AE9A73-5A60-42F9-813B-A209E240C2D8}"
EndProject
Project("{FAE04EC0-301F-11D3-BF4B-00C04F79EFBC}") = "Test.Algorithms.General.TestYield", "Test.Algorithms.General.Yield\Test.Algorithms.General.TestYield.csproj", "{E4997B64-F442-49C3-912A-FD5611F29613}"
EndProject
Project("{FAE04EC0-301F-11D3-BF4B-00C04F79EFBC}") = "MURRDesktop", "WindowsDesktop\MURRDesktop\MURRDesktop.csproj", "{0BFF21C2-749A-4EC0-9F93-9981925AD65F}"
EndProject
Project("{F088123C-0E9E-452A-89E6-6BA2F21D5CAC}") = "ModelingProject1", "ModelingProject1\ModelingProject1.modelproj", "{5AC4FC74-F058-455A-99DC-0A5E11D7589F}"
EndProject
Global
	GlobalSection(SolutionConfigurationPlatforms) = preSolution
		Debug|Any CPU = Debug|Any CPU
		Debug|ARM = Debug|ARM
		Debug|x64 = Debug|x64
		Debug|x86 = Debug|x86
		Release|Any CPU = Release|Any CPU
		Release|ARM = Release|ARM
		Release|x64 = Release|x64
		Release|x86 = Release|x86
	EndGlobalSection
	GlobalSection(ProjectConfigurationPlatforms) = postSolution
		{226C45B2-AC1B-403B-A9AF-4E6D512D5DAE}.Debug|Any CPU.ActiveCfg = Debug|Any CPU
		{226C45B2-AC1B-403B-A9AF-4E6D512D5DAE}.Debug|Any CPU.Build.0 = Debug|Any CPU
		{226C45B2-AC1B-403B-A9AF-4E6D512D5DAE}.Debug|ARM.ActiveCfg = Debug|Any CPU
		{226C45B2-AC1B-403B-A9AF-4E6D512D5DAE}.Debug|x64.ActiveCfg = Debug|Any CPU
		{226C45B2-AC1B-403B-A9AF-4E6D512D5DAE}.Debug|x86.ActiveCfg = Debug|Any CPU
		{226C45B2-AC1B-403B-A9AF-4E6D512D5DAE}.Release|Any CPU.ActiveCfg = Release|Any CPU
		{226C45B2-AC1B-403B-A9AF-4E6D512D5DAE}.Release|Any CPU.Build.0 = Release|Any CPU
		{226C45B2-AC1B-403B-A9AF-4E6D512D5DAE}.Release|ARM.ActiveCfg = Release|Any CPU
		{226C45B2-AC1B-403B-A9AF-4E6D512D5DAE}.Release|x64.ActiveCfg = Release|Any CPU
		{226C45B2-AC1B-403B-A9AF-4E6D512D5DAE}.Release|x86.ActiveCfg = Release|Any CPU
		{F474A7C8-8DBD-4A78-BC01-033EF1730B16}.Debug|Any CPU.ActiveCfg = Debug|Any CPU
		{F474A7C8-8DBD-4A78-BC01-033EF1730B16}.Debug|Any CPU.Build.0 = Debug|Any CPU
		{F474A7C8-8DBD-4A78-BC01-033EF1730B16}.Debug|ARM.ActiveCfg = Debug|Any CPU
		{F474A7C8-8DBD-4A78-BC01-033EF1730B16}.Debug|x64.ActiveCfg = Debug|Any CPU
		{F474A7C8-8DBD-4A78-BC01-033EF1730B16}.Debug|x86.ActiveCfg = Debug|Any CPU
		{F474A7C8-8DBD-4A78-BC01-033EF1730B16}.Release|Any CPU.ActiveCfg = Release|Any CPU
		{F474A7C8-8DBD-4A78-BC01-033EF1730B16}.Release|Any CPU.Build.0 = Release|Any CPU
		{F474A7C8-8DBD-4A78-BC01-033EF1730B16}.Release|ARM.ActiveCfg = Release|Any CPU
		{F474A7C8-8DBD-4A78-BC01-033EF1730B16}.Release|x64.ActiveCfg = Release|Any CPU
		{F474A7C8-8DBD-4A78-BC01-033EF1730B16}.Release|x86.ActiveCfg = Release|Any CPU
		{02E3ABB5-62AD-48D9-A07E-BF8A9442E461}.Debug|Any CPU.ActiveCfg = Debug|Any CPU
		{02E3ABB5-62AD-48D9-A07E-BF8A9442E461}.Debug|Any CPU.Build.0 = Debug|Any CPU
		{02E3ABB5-62AD-48D9-A07E-BF8A9442E461}.Debug|ARM.ActiveCfg = Debug|Any CPU
		{02E3ABB5-62AD-48D9-A07E-BF8A9442E461}.Debug|x64.ActiveCfg = Debug|Any CPU
		{02E3ABB5-62AD-48D9-A07E-BF8A9442E461}.Debug|x86.ActiveCfg = Debug|Any CPU
		{02E3ABB5-62AD-48D9-A07E-BF8A9442E461}.Release|Any CPU.ActiveCfg = Release|Any CPU
		{02E3ABB5-62AD-48D9-A07E-BF8A9442E461}.Release|Any CPU.Build.0 = Release|Any CPU
		{02E3ABB5-62AD-48D9-A07E-BF8A9442E461}.Release|ARM.ActiveCfg = Release|Any CPU
		{02E3ABB5-62AD-48D9-A07E-BF8A9442E461}.Release|x64.ActiveCfg = Release|Any CPU
		{02E3ABB5-62AD-48D9-A07E-BF8A9442E461}.Release|x86.ActiveCfg = Release|Any CPU
		{CDE8EB37-79DA-4C69-9C3E-88368CC93523}.Debug|Any CPU.ActiveCfg = Debug|Any CPU
		{CDE8EB37-79DA-4C69-9C3E-88368CC93523}.Debug|Any CPU.Build.0 = Debug|Any CPU
		{CDE8EB37-79DA-4C69-9C3E-88368CC93523}.Debug|ARM.ActiveCfg = Debug|Any CPU
		{CDE8EB37-79DA-4C69-9C3E-88368CC93523}.Debug|x64.ActiveCfg = Debug|Any CPU
		{CDE8EB37-79DA-4C69-9C3E-88368CC93523}.Debug|x86.ActiveCfg = Debug|Any CPU
		{CDE8EB37-79DA-4C69-9C3E-88368CC93523}.Release|Any CPU.ActiveCfg = Release|Any CPU
		{CDE8EB37-79DA-4C69-9C3E-88368CC93523}.Release|Any CPU.Build.0 = Release|Any CPU
		{CDE8EB37-79DA-4C69-9C3E-88368CC93523}.Release|ARM.ActiveCfg = Release|Any CPU
		{CDE8EB37-79DA-4C69-9C3E-88368CC93523}.Release|x64.ActiveCfg = Release|Any CPU
		{CDE8EB37-79DA-4C69-9C3E-88368CC93523}.Release|x86.ActiveCfg = Release|Any CPU
		{EE9F6913-4156-42B7-93A0-F54CF0AC4E1C}.Debug|Any CPU.ActiveCfg = Debug|Any CPU
		{EE9F6913-4156-42B7-93A0-F54CF0AC4E1C}.Debug|Any CPU.Build.0 = Debug|Any CPU
		{EE9F6913-4156-42B7-93A0-F54CF0AC4E1C}.Debug|ARM.ActiveCfg = Debug|Any CPU
		{EE9F6913-4156-42B7-93A0-F54CF0AC4E1C}.Debug|x64.ActiveCfg = Debug|Any CPU
		{EE9F6913-4156-42B7-93A0-F54CF0AC4E1C}.Debug|x86.ActiveCfg = Debug|Any CPU
		{EE9F6913-4156-42B7-93A0-F54CF0AC4E1C}.Release|Any CPU.ActiveCfg = Release|Any CPU
		{EE9F6913-4156-42B7-93A0-F54CF0AC4E1C}.Release|Any CPU.Build.0 = Release|Any CPU
		{EE9F6913-4156-42B7-93A0-F54CF0AC4E1C}.Release|ARM.ActiveCfg = Release|Any CPU
		{EE9F6913-4156-42B7-93A0-F54CF0AC4E1C}.Release|x64.ActiveCfg = Release|Any CPU
		{EE9F6913-4156-42B7-93A0-F54CF0AC4E1C}.Release|x86.ActiveCfg = Release|Any CPU
		{899B91F5-EF98-4613-BFD3-A4FD22C544F7}.Debug|Any CPU.ActiveCfg = Debug|Any CPU
		{899B91F5-EF98-4613-BFD3-A4FD22C544F7}.Debug|Any CPU.Build.0 = Debug|Any CPU
		{899B91F5-EF98-4613-BFD3-A4FD22C544F7}.Debug|ARM.ActiveCfg = Debug|Any CPU
		{899B91F5-EF98-4613-BFD3-A4FD22C544F7}.Debug|x64.ActiveCfg = Debug|Any CPU
		{899B91F5-EF98-4613-BFD3-A4FD22C544F7}.Debug|x86.ActiveCfg = Debug|Any CPU
		{899B91F5-EF98-4613-BFD3-A4FD22C544F7}.Release|Any CPU.ActiveCfg = Release|Any CPU
		{899B91F5-EF98-4613-BFD3-A4FD22C544F7}.Release|Any CPU.Build.0 = Release|Any CPU
		{899B91F5-EF98-4613-BFD3-A4FD22C544F7}.Release|ARM.ActiveCfg = Release|Any CPU
		{899B91F5-EF98-4613-BFD3-A4FD22C544F7}.Release|x64.ActiveCfg = Release|Any CPU
		{899B91F5-EF98-4613-BFD3-A4FD22C544F7}.Release|x86.ActiveCfg = Release|Any CPU
		{B488F265-006A-487C-86C8-B5BDC8482445}.Debug|Any CPU.ActiveCfg = Debug|Any CPU
		{B488F265-006A-487C-86C8-B5BDC8482445}.Debug|Any CPU.Build.0 = Debug|Any CPU
		{B488F265-006A-487C-86C8-B5BDC8482445}.Debug|ARM.ActiveCfg = Debug|Any CPU
		{B488F265-006A-487C-86C8-B5BDC8482445}.Debug|x64.ActiveCfg = Debug|Any CPU
		{B488F265-006A-487C-86C8-B5BDC8482445}.Debug|x86.ActiveCfg = Debug|Any CPU
		{B488F265-006A-487C-86C8-B5BDC8482445}.Release|Any CPU.ActiveCfg = Release|Any CPU
		{B488F265-006A-487C-86C8-B5BDC8482445}.Release|Any CPU.Build.0 = Release|Any CPU
		{B488F265-006A-487C-86C8-B5BDC8482445}.Release|ARM.ActiveCfg = Release|Any CPU
		{B488F265-006A-487C-86C8-B5BDC8482445}.Release|x64.ActiveCfg = Release|Any CPU
		{B488F265-006A-487C-86C8-B5BDC8482445}.Release|x86.ActiveCfg = Release|Any CPU
		{0EE98652-FE97-461F-859F-FEF463F57EC1}.Debug|Any CPU.ActiveCfg = Debug|Any CPU
		{0EE98652-FE97-461F-859F-FEF463F57EC1}.Debug|Any CPU.Build.0 = Debug|Any CPU
		{0EE98652-FE97-461F-859F-FEF463F57EC1}.Debug|ARM.ActiveCfg = Debug|Any CPU
		{0EE98652-FE97-461F-859F-FEF463F57EC1}.Debug|x64.ActiveCfg = Debug|Any CPU
		{0EE98652-FE97-461F-859F-FEF463F57EC1}.Debug|x86.ActiveCfg = Debug|Any CPU
		{0EE98652-FE97-461F-859F-FEF463F57EC1}.Release|Any CPU.ActiveCfg = Release|Any CPU
		{0EE98652-FE97-461F-859F-FEF463F57EC1}.Release|Any CPU.Build.0 = Release|Any CPU
		{0EE98652-FE97-461F-859F-FEF463F57EC1}.Release|ARM.ActiveCfg = Release|Any CPU
		{0EE98652-FE97-461F-859F-FEF463F57EC1}.Release|x64.ActiveCfg = Release|Any CPU
		{0EE98652-FE97-461F-859F-FEF463F57EC1}.Release|x86.ActiveCfg = Release|Any CPU
		{A28A77AA-3D48-441E-8CEA-253000E4452B}.Debug|Any CPU.ActiveCfg = Debug|Any CPU
		{A28A77AA-3D48-441E-8CEA-253000E4452B}.Debug|Any CPU.Build.0 = Debug|Any CPU
		{A28A77AA-3D48-441E-8CEA-253000E4452B}.Debug|ARM.ActiveCfg = Debug|Any CPU
		{A28A77AA-3D48-441E-8CEA-253000E4452B}.Debug|x64.ActiveCfg = Debug|Any CPU
		{A28A77AA-3D48-441E-8CEA-253000E4452B}.Debug|x86.ActiveCfg = Debug|Any CPU
		{A28A77AA-3D48-441E-8CEA-253000E4452B}.Release|Any CPU.ActiveCfg = Release|Any CPU
		{A28A77AA-3D48-441E-8CEA-253000E4452B}.Release|Any CPU.Build.0 = Release|Any CPU
		{A28A77AA-3D48-441E-8CEA-253000E4452B}.Release|ARM.ActiveCfg = Release|Any CPU
		{A28A77AA-3D48-441E-8CEA-253000E4452B}.Release|x64.ActiveCfg = Release|Any CPU
		{A28A77AA-3D48-441E-8CEA-253000E4452B}.Release|x86.ActiveCfg = Release|Any CPU
		{38171AF0-AE4C-4656-9271-07A3843861EF}.Debug|Any CPU.ActiveCfg = Debug|Any CPU
		{38171AF0-AE4C-4656-9271-07A3843861EF}.Debug|Any CPU.Build.0 = Debug|Any CPU
		{38171AF0-AE4C-4656-9271-07A3843861EF}.Debug|ARM.ActiveCfg = Debug|Any CPU
		{38171AF0-AE4C-4656-9271-07A3843861EF}.Debug|x64.ActiveCfg = Debug|Any CPU
		{38171AF0-AE4C-4656-9271-07A3843861EF}.Debug|x86.ActiveCfg = Debug|Any CPU
		{38171AF0-AE4C-4656-9271-07A3843861EF}.Release|Any CPU.ActiveCfg = Release|Any CPU
		{38171AF0-AE4C-4656-9271-07A3843861EF}.Release|Any CPU.Build.0 = Release|Any CPU
		{38171AF0-AE4C-4656-9271-07A3843861EF}.Release|ARM.ActiveCfg = Release|Any CPU
		{38171AF0-AE4C-4656-9271-07A3843861EF}.Release|x64.ActiveCfg = Release|Any CPU
		{38171AF0-AE4C-4656-9271-07A3843861EF}.Release|x86.ActiveCfg = Release|Any CPU
		{71A937E6-3671-4A47-805D-D72A4601E923}.Debug|Any CPU.ActiveCfg = Debug|Any CPU
		{71A937E6-3671-4A47-805D-D72A4601E923}.Debug|Any CPU.Build.0 = Debug|Any CPU
		{71A937E6-3671-4A47-805D-D72A4601E923}.Debug|ARM.ActiveCfg = Debug|Any CPU
		{71A937E6-3671-4A47-805D-D72A4601E923}.Debug|x64.ActiveCfg = Debug|Any CPU
		{71A937E6-3671-4A47-805D-D72A4601E923}.Debug|x86.ActiveCfg = Debug|Any CPU
		{71A937E6-3671-4A47-805D-D72A4601E923}.Release|Any CPU.ActiveCfg = Release|Any CPU
		{71A937E6-3671-4A47-805D-D72A4601E923}.Release|Any CPU.Build.0 = Release|Any CPU
		{71A937E6-3671-4A47-805D-D72A4601E923}.Release|ARM.ActiveCfg = Release|Any CPU
		{71A937E6-3671-4A47-805D-D72A4601E923}.Release|x64.ActiveCfg = Release|Any CPU
		{71A937E6-3671-4A47-805D-D72A4601E923}.Release|x86.ActiveCfg = Release|Any CPU
		{449351DF-EA73-4B4E-9D8C-80D337F01548}.Debug|Any CPU.ActiveCfg = Debug|Any CPU
		{449351DF-EA73-4B4E-9D8C-80D337F01548}.Debug|Any CPU.Build.0 = Debug|Any CPU
		{449351DF-EA73-4B4E-9D8C-80D337F01548}.Debug|ARM.ActiveCfg = Debug|Any CPU
		{449351DF-EA73-4B4E-9D8C-80D337F01548}.Debug|x64.ActiveCfg = Debug|Any CPU
		{449351DF-EA73-4B4E-9D8C-80D337F01548}.Debug|x86.ActiveCfg = Debug|Any CPU
		{449351DF-EA73-4B4E-9D8C-80D337F01548}.Release|Any CPU.ActiveCfg = Release|Any CPU
		{449351DF-EA73-4B4E-9D8C-80D337F01548}.Release|Any CPU.Build.0 = Release|Any CPU
		{449351DF-EA73-4B4E-9D8C-80D337F01548}.Release|ARM.ActiveCfg = Release|Any CPU
		{449351DF-EA73-4B4E-9D8C-80D337F01548}.Release|x64.ActiveCfg = Release|Any CPU
		{449351DF-EA73-4B4E-9D8C-80D337F01548}.Release|x86.ActiveCfg = Release|Any CPU
		{A6B923BD-06CC-4B0B-ADDF-A44C7C26C7C0}.Debug|Any CPU.ActiveCfg = Debug|Any CPU
		{A6B923BD-06CC-4B0B-ADDF-A44C7C26C7C0}.Debug|Any CPU.Build.0 = Debug|Any CPU
		{A6B923BD-06CC-4B0B-ADDF-A44C7C26C7C0}.Debug|ARM.ActiveCfg = Debug|Any CPU
		{A6B923BD-06CC-4B0B-ADDF-A44C7C26C7C0}.Debug|x64.ActiveCfg = Debug|Any CPU
		{A6B923BD-06CC-4B0B-ADDF-A44C7C26C7C0}.Debug|x86.ActiveCfg = Debug|Any CPU
		{A6B923BD-06CC-4B0B-ADDF-A44C7C26C7C0}.Release|Any CPU.ActiveCfg = Release|Any CPU
		{A6B923BD-06CC-4B0B-ADDF-A44C7C26C7C0}.Release|Any CPU.Build.0 = Release|Any CPU
		{A6B923BD-06CC-4B0B-ADDF-A44C7C26C7C0}.Release|ARM.ActiveCfg = Release|Any CPU
		{A6B923BD-06CC-4B0B-ADDF-A44C7C26C7C0}.Release|x64.ActiveCfg = Release|Any CPU
		{A6B923BD-06CC-4B0B-ADDF-A44C7C26C7C0}.Release|x86.ActiveCfg = Release|Any CPU
		{58A840C0-95D3-4441-9288-91193B65DDB5}.Debug|Any CPU.ActiveCfg = Debug|Any CPU
		{58A840C0-95D3-4441-9288-91193B65DDB5}.Debug|Any CPU.Build.0 = Debug|Any CPU
		{58A840C0-95D3-4441-9288-91193B65DDB5}.Debug|ARM.ActiveCfg = Debug|Any CPU
		{58A840C0-95D3-4441-9288-91193B65DDB5}.Debug|x64.ActiveCfg = Debug|Any CPU
		{58A840C0-95D3-4441-9288-91193B65DDB5}.Debug|x86.ActiveCfg = Debug|Any CPU
		{58A840C0-95D3-4441-9288-91193B65DDB5}.Release|Any CPU.ActiveCfg = Release|Any CPU
		{58A840C0-95D3-4441-9288-91193B65DDB5}.Release|Any CPU.Build.0 = Release|Any CPU
		{58A840C0-95D3-4441-9288-91193B65DDB5}.Release|ARM.ActiveCfg = Release|Any CPU
		{58A840C0-95D3-4441-9288-91193B65DDB5}.Release|x64.ActiveCfg = Release|Any CPU
		{58A840C0-95D3-4441-9288-91193B65DDB5}.Release|x86.ActiveCfg = Release|Any CPU
		{202A621D-8C56-4EBD-B8C2-482A1BB158D7}.Debug|Any CPU.ActiveCfg = Debug|Any CPU
		{202A621D-8C56-4EBD-B8C2-482A1BB158D7}.Debug|Any CPU.Build.0 = Debug|Any CPU
		{202A621D-8C56-4EBD-B8C2-482A1BB158D7}.Debug|ARM.ActiveCfg = Debug|Any CPU
		{202A621D-8C56-4EBD-B8C2-482A1BB158D7}.Debug|x64.ActiveCfg = Debug|Any CPU
		{202A621D-8C56-4EBD-B8C2-482A1BB158D7}.Debug|x86.ActiveCfg = Debug|Any CPU
		{202A621D-8C56-4EBD-B8C2-482A1BB158D7}.Release|Any CPU.ActiveCfg = Release|Any CPU
		{202A621D-8C56-4EBD-B8C2-482A1BB158D7}.Release|Any CPU.Build.0 = Release|Any CPU
		{202A621D-8C56-4EBD-B8C2-482A1BB158D7}.Release|ARM.ActiveCfg = Release|Any CPU
		{202A621D-8C56-4EBD-B8C2-482A1BB158D7}.Release|x64.ActiveCfg = Release|Any CPU
		{202A621D-8C56-4EBD-B8C2-482A1BB158D7}.Release|x86.ActiveCfg = Release|Any CPU
		{6A1B1A0B-4909-46D1-AE18-601DD6A7EAD1}.Debug|Any CPU.ActiveCfg = Debug|Any CPU
		{6A1B1A0B-4909-46D1-AE18-601DD6A7EAD1}.Debug|Any CPU.Build.0 = Debug|Any CPU
		{6A1B1A0B-4909-46D1-AE18-601DD6A7EAD1}.Debug|ARM.ActiveCfg = Debug|Any CPU
		{6A1B1A0B-4909-46D1-AE18-601DD6A7EAD1}.Debug|x64.ActiveCfg = Debug|Any CPU
		{6A1B1A0B-4909-46D1-AE18-601DD6A7EAD1}.Debug|x86.ActiveCfg = Debug|Any CPU
		{6A1B1A0B-4909-46D1-AE18-601DD6A7EAD1}.Release|Any CPU.ActiveCfg = Release|Any CPU
		{6A1B1A0B-4909-46D1-AE18-601DD6A7EAD1}.Release|Any CPU.Build.0 = Release|Any CPU
		{6A1B1A0B-4909-46D1-AE18-601DD6A7EAD1}.Release|ARM.ActiveCfg = Release|Any CPU
		{6A1B1A0B-4909-46D1-AE18-601DD6A7EAD1}.Release|x64.ActiveCfg = Release|Any CPU
		{6A1B1A0B-4909-46D1-AE18-601DD6A7EAD1}.Release|x86.ActiveCfg = Release|Any CPU
		{2676E765-A706-4E18-A094-6A2C3D6C18CB}.Debug|Any CPU.ActiveCfg = Debug|Any CPU
		{2676E765-A706-4E18-A094-6A2C3D6C18CB}.Debug|Any CPU.Build.0 = Debug|Any CPU
		{2676E765-A706-4E18-A094-6A2C3D6C18CB}.Debug|ARM.ActiveCfg = Debug|Any CPU
		{2676E765-A706-4E18-A094-6A2C3D6C18CB}.Debug|x64.ActiveCfg = Debug|Any CPU
		{2676E765-A706-4E18-A094-6A2C3D6C18CB}.Debug|x86.ActiveCfg = Debug|Any CPU
		{2676E765-A706-4E18-A094-6A2C3D6C18CB}.Release|Any CPU.ActiveCfg = Release|Any CPU
		{2676E765-A706-4E18-A094-6A2C3D6C18CB}.Release|Any CPU.Build.0 = Release|Any CPU
		{2676E765-A706-4E18-A094-6A2C3D6C18CB}.Release|ARM.ActiveCfg = Release|Any CPU
		{2676E765-A706-4E18-A094-6A2C3D6C18CB}.Release|x64.ActiveCfg = Release|Any CPU
		{2676E765-A706-4E18-A094-6A2C3D6C18CB}.Release|x86.ActiveCfg = Release|Any CPU
		{F6362A8A-CEEE-4DA5-9AF8-A0038FB10187}.Debug|Any CPU.ActiveCfg = Debug|Any CPU
		{F6362A8A-CEEE-4DA5-9AF8-A0038FB10187}.Debug|Any CPU.Build.0 = Debug|Any CPU
		{F6362A8A-CEEE-4DA5-9AF8-A0038FB10187}.Debug|ARM.ActiveCfg = Debug|Any CPU
		{F6362A8A-CEEE-4DA5-9AF8-A0038FB10187}.Debug|x64.ActiveCfg = Debug|Any CPU
		{F6362A8A-CEEE-4DA5-9AF8-A0038FB10187}.Debug|x86.ActiveCfg = Debug|Any CPU
		{F6362A8A-CEEE-4DA5-9AF8-A0038FB10187}.Release|Any CPU.ActiveCfg = Release|Any CPU
		{F6362A8A-CEEE-4DA5-9AF8-A0038FB10187}.Release|Any CPU.Build.0 = Release|Any CPU
		{F6362A8A-CEEE-4DA5-9AF8-A0038FB10187}.Release|ARM.ActiveCfg = Release|Any CPU
		{F6362A8A-CEEE-4DA5-9AF8-A0038FB10187}.Release|x64.ActiveCfg = Release|Any CPU
		{F6362A8A-CEEE-4DA5-9AF8-A0038FB10187}.Release|x86.ActiveCfg = Release|Any CPU
		{719E5705-6368-4CE7-BA48-016F55517C55}.Debug|Any CPU.ActiveCfg = Debug|Any CPU
		{719E5705-6368-4CE7-BA48-016F55517C55}.Debug|Any CPU.Build.0 = Debug|Any CPU
		{719E5705-6368-4CE7-BA48-016F55517C55}.Debug|ARM.ActiveCfg = Debug|Any CPU
		{719E5705-6368-4CE7-BA48-016F55517C55}.Debug|x64.ActiveCfg = Debug|Any CPU
		{719E5705-6368-4CE7-BA48-016F55517C55}.Debug|x86.ActiveCfg = Debug|Any CPU
		{719E5705-6368-4CE7-BA48-016F55517C55}.Release|Any CPU.ActiveCfg = Release|Any CPU
		{719E5705-6368-4CE7-BA48-016F55517C55}.Release|Any CPU.Build.0 = Release|Any CPU
		{719E5705-6368-4CE7-BA48-016F55517C55}.Release|ARM.ActiveCfg = Release|Any CPU
		{719E5705-6368-4CE7-BA48-016F55517C55}.Release|x64.ActiveCfg = Release|Any CPU
		{719E5705-6368-4CE7-BA48-016F55517C55}.Release|x86.ActiveCfg = Release|Any CPU
		{310EBC62-4B0D-463B-A2DC-79C04DC489AE}.Debug|Any CPU.ActiveCfg = Debug|Any CPU
		{310EBC62-4B0D-463B-A2DC-79C04DC489AE}.Debug|Any CPU.Build.0 = Debug|Any CPU
		{310EBC62-4B0D-463B-A2DC-79C04DC489AE}.Debug|ARM.ActiveCfg = Debug|Any CPU
		{310EBC62-4B0D-463B-A2DC-79C04DC489AE}.Debug|x64.ActiveCfg = Debug|Any CPU
		{310EBC62-4B0D-463B-A2DC-79C04DC489AE}.Debug|x86.ActiveCfg = Debug|Any CPU
		{310EBC62-4B0D-463B-A2DC-79C04DC489AE}.Release|Any CPU.ActiveCfg = Release|Any CPU
		{310EBC62-4B0D-463B-A2DC-79C04DC489AE}.Release|Any CPU.Build.0 = Release|Any CPU
		{310EBC62-4B0D-463B-A2DC-79C04DC489AE}.Release|ARM.ActiveCfg = Release|Any CPU
		{310EBC62-4B0D-463B-A2DC-79C04DC489AE}.Release|x64.ActiveCfg = Release|Any CPU
		{310EBC62-4B0D-463B-A2DC-79C04DC489AE}.Release|x86.ActiveCfg = Release|Any CPU
		{4187AC80-19B6-41EC-AD10-D4BEDF888637}.Debug|Any CPU.ActiveCfg = Debug|Any CPU
		{4187AC80-19B6-41EC-AD10-D4BEDF888637}.Debug|Any CPU.Build.0 = Debug|Any CPU
		{4187AC80-19B6-41EC-AD10-D4BEDF888637}.Debug|ARM.ActiveCfg = Debug|Any CPU
		{4187AC80-19B6-41EC-AD10-D4BEDF888637}.Debug|x64.ActiveCfg = Debug|Any CPU
		{4187AC80-19B6-41EC-AD10-D4BEDF888637}.Debug|x86.ActiveCfg = Debug|Any CPU
		{4187AC80-19B6-41EC-AD10-D4BEDF888637}.Release|Any CPU.ActiveCfg = Release|Any CPU
		{4187AC80-19B6-41EC-AD10-D4BEDF888637}.Release|Any CPU.Build.0 = Release|Any CPU
		{4187AC80-19B6-41EC-AD10-D4BEDF888637}.Release|ARM.ActiveCfg = Release|Any CPU
		{4187AC80-19B6-41EC-AD10-D4BEDF888637}.Release|x64.ActiveCfg = Release|Any CPU
		{4187AC80-19B6-41EC-AD10-D4BEDF888637}.Release|x86.ActiveCfg = Release|Any CPU
		{48E72CBE-B1A2-4511-95C5-B69B767006CE}.Debug|Any CPU.ActiveCfg = Debug|Any CPU
		{48E72CBE-B1A2-4511-95C5-B69B767006CE}.Debug|Any CPU.Build.0 = Debug|Any CPU
		{48E72CBE-B1A2-4511-95C5-B69B767006CE}.Debug|ARM.ActiveCfg = Debug|Any CPU
		{48E72CBE-B1A2-4511-95C5-B69B767006CE}.Debug|x64.ActiveCfg = Debug|Any CPU
		{48E72CBE-B1A2-4511-95C5-B69B767006CE}.Debug|x86.ActiveCfg = Debug|Any CPU
		{48E72CBE-B1A2-4511-95C5-B69B767006CE}.Release|Any CPU.ActiveCfg = Release|Any CPU
		{48E72CBE-B1A2-4511-95C5-B69B767006CE}.Release|Any CPU.Build.0 = Release|Any CPU
		{48E72CBE-B1A2-4511-95C5-B69B767006CE}.Release|ARM.ActiveCfg = Release|Any CPU
		{48E72CBE-B1A2-4511-95C5-B69B767006CE}.Release|x64.ActiveCfg = Release|Any CPU
		{48E72CBE-B1A2-4511-95C5-B69B767006CE}.Release|x86.ActiveCfg = Release|Any CPU
		{3AF8CD81-E2CD-4610-988A-82FD5C19CFC1}.Debug|Any CPU.ActiveCfg = Debug|Any CPU
		{3AF8CD81-E2CD-4610-988A-82FD5C19CFC1}.Debug|Any CPU.Build.0 = Debug|Any CPU
		{3AF8CD81-E2CD-4610-988A-82FD5C19CFC1}.Debug|ARM.ActiveCfg = Debug|Any CPU
		{3AF8CD81-E2CD-4610-988A-82FD5C19CFC1}.Debug|x64.ActiveCfg = Debug|Any CPU
		{3AF8CD81-E2CD-4610-988A-82FD5C19CFC1}.Debug|x86.ActiveCfg = Debug|Any CPU
		{3AF8CD81-E2CD-4610-988A-82FD5C19CFC1}.Release|Any CPU.ActiveCfg = Release|Any CPU
		{3AF8CD81-E2CD-4610-988A-82FD5C19CFC1}.Release|Any CPU.Build.0 = Release|Any CPU
		{3AF8CD81-E2CD-4610-988A-82FD5C19CFC1}.Release|ARM.ActiveCfg = Release|Any CPU
		{3AF8CD81-E2CD-4610-988A-82FD5C19CFC1}.Release|x64.ActiveCfg = Release|Any CPU
		{3AF8CD81-E2CD-4610-988A-82FD5C19CFC1}.Release|x86.ActiveCfg = Release|Any CPU
		{D4AE9A73-5A60-42F9-813B-A209E240C2D8}.Debug|Any CPU.ActiveCfg = Debug|Any CPU
		{D4AE9A73-5A60-42F9-813B-A209E240C2D8}.Debug|Any CPU.Build.0 = Debug|Any CPU
		{D4AE9A73-5A60-42F9-813B-A209E240C2D8}.Debug|ARM.ActiveCfg = Debug|Any CPU
		{D4AE9A73-5A60-42F9-813B-A209E240C2D8}.Debug|x64.ActiveCfg = Debug|Any CPU
		{D4AE9A73-5A60-42F9-813B-A209E240C2D8}.Debug|x86.ActiveCfg = Debug|Any CPU
		{D4AE9A73-5A60-42F9-813B-A209E240C2D8}.Release|Any CPU.ActiveCfg = Release|Any CPU
		{D4AE9A73-5A60-42F9-813B-A209E240C2D8}.Release|Any CPU.Build.0 = Release|Any CPU
		{D4AE9A73-5A60-42F9-813B-A209E240C2D8}.Release|ARM.ActiveCfg = Release|Any CPU
		{D4AE9A73-5A60-42F9-813B-A209E240C2D8}.Release|x64.ActiveCfg = Release|Any CPU
		{D4AE9A73-5A60-42F9-813B-A209E240C2D8}.Release|x86.ActiveCfg = Release|Any CPU
		{E4997B64-F442-49C3-912A-FD5611F29613}.Debug|Any CPU.ActiveCfg = Debug|Any CPU
		{E4997B64-F442-49C3-912A-FD5611F29613}.Debug|Any CPU.Build.0 = Debug|Any CPU
		{E4997B64-F442-49C3-912A-FD5611F29613}.Debug|ARM.ActiveCfg = Debug|Any CPU
		{E4997B64-F442-49C3-912A-FD5611F29613}.Debug|x64.ActiveCfg = Debug|Any CPU
		{E4997B64-F442-49C3-912A-FD5611F29613}.Debug|x86.ActiveCfg = Debug|Any CPU
		{E4997B64-F442-49C3-912A-FD5611F29613}.Release|Any CPU.ActiveCfg = Release|Any CPU
		{E4997B64-F442-49C3-912A-FD5611F29613}.Release|Any CPU.Build.0 = Release|Any CPU
		{E4997B64-F442-49C3-912A-FD5611F29613}.Release|ARM.ActiveCfg = Release|Any CPU
		{E4997B64-F442-49C3-912A-FD5611F29613}.Release|x64.ActiveCfg = Release|Any CPU
		{E4997B64-F442-49C3-912A-FD5611F29613}.Release|x86.ActiveCfg = Release|Any CPU
		{0BFF21C2-749A-4EC0-9F93-9981925AD65F}.Debug|Any CPU.ActiveCfg = Debug|Any CPU
		{0BFF21C2-749A-4EC0-9F93-9981925AD65F}.Debug|Any CPU.Build.0 = Debug|Any CPU
		{0BFF21C2-749A-4EC0-9F93-9981925AD65F}.Debug|ARM.ActiveCfg = Debug|Any CPU
		{0BFF21C2-749A-4EC0-9F93-9981925AD65F}.Debug|x64.ActiveCfg = Debug|Any CPU
		{0BFF21C2-749A-4EC0-9F93-9981925AD65F}.Debug|x86.ActiveCfg = Debug|Any CPU
		{0BFF21C2-749A-4EC0-9F93-9981925AD65F}.Release|Any CPU.ActiveCfg = Release|Any CPU
		{0BFF21C2-749A-4EC0-9F93-9981925AD65F}.Release|Any CPU.Build.0 = Release|Any CPU
		{0BFF21C2-749A-4EC0-9F93-9981925AD65F}.Release|ARM.ActiveCfg = Release|Any CPU
		{0BFF21C2-749A-4EC0-9F93-9981925AD65F}.Release|x64.ActiveCfg = Release|Any CPU
		{0BFF21C2-749A-4EC0-9F93-9981925AD65F}.Release|x86.ActiveCfg = Release|Any CPU
		{5AC4FC74-F058-455A-99DC-0A5E11D7589F}.Debug|Any CPU.ActiveCfg = Debug|Any CPU
		{5AC4FC74-F058-455A-99DC-0A5E11D7589F}.Debug|Any CPU.Build.0 = Debug|Any CPU
		{5AC4FC74-F058-455A-99DC-0A5E11D7589F}.Debug|ARM.ActiveCfg = Debug|Any CPU
		{5AC4FC74-F058-455A-99DC-0A5E11D7589F}.Debug|x64.ActiveCfg = Debug|Any CPU
		{5AC4FC74-F058-455A-99DC-0A5E11D7589F}.Debug|x86.ActiveCfg = Debug|Any CPU
		{5AC4FC74-F058-455A-99DC-0A5E11D7589F}.Release|Any CPU.ActiveCfg = Release|Any CPU
		{5AC4FC74-F058-455A-99DC-0A5E11D7589F}.Release|Any CPU.Build.0 = Release|Any CPU
		{5AC4FC74-F058-455A-99DC-0A5E11D7589F}.Release|ARM.ActiveCfg = Release|Any CPU
		{5AC4FC74-F058-455A-99DC-0A5E11D7589F}.Release|x64.ActiveCfg = Release|Any CPU
		{5AC4FC74-F058-455A-99DC-0A5E11D7589F}.Release|x86.ActiveCfg = Release|Any CPU
	EndGlobalSection
	GlobalSection(SolutionProperties) = preSolution
		HideSolutionNode = FALSE
	EndGlobalSection
	GlobalSection(NestedProjects) = preSolution
		{3469D036-6807-4302-ABC9-BA78830B76E1} = {3563EFDF-9C43-45CD-BC41-65B48C3408EC}
		{AE72FCFC-E40D-41FF-BDCC-1468125FEC93} = {3563EFDF-9C43-45CD-BC41-65B48C3408EC}
		{226C45B2-AC1B-403B-A9AF-4E6D512D5DAE} = {662E7926-F90E-4F0F-8C61-9E6B9E3B0591}
		{F474A7C8-8DBD-4A78-BC01-033EF1730B16} = {4605D261-F641-49F4-B398-3A686F238009}
		{02E3ABB5-62AD-48D9-A07E-BF8A9442E461} = {3469D036-6807-4302-ABC9-BA78830B76E1}
		{EE9F6913-4156-42B7-93A0-F54CF0AC4E1C} = {4605D261-F641-49F4-B398-3A686F238009}
		{899B91F5-EF98-4613-BFD3-A4FD22C544F7} = {AE72FCFC-E40D-41FF-BDCC-1468125FEC93}
		{B488F265-006A-487C-86C8-B5BDC8482445} = {9863865D-557D-478B-AFAD-1E0BFEA30E4D}
		{0EE98652-FE97-461F-859F-FEF463F57EC1} = {AE72FCFC-E40D-41FF-BDCC-1468125FEC93}
		{A28A77AA-3D48-441E-8CEA-253000E4452B} = {B4FDA50C-6A2E-482F-AA79-DA6B499ACD7A}
		{4605D261-F641-49F4-B398-3A686F238009} = {1E70791D-7247-4A8E-8AA1-7A3C36BFBC73}
		{B4FDA50C-6A2E-482F-AA79-DA6B499ACD7A} = {1E70791D-7247-4A8E-8AA1-7A3C36BFBC73}
		{672F4648-CB88-4F17-97DF-A174E721FEA4} = {1E70791D-7247-4A8E-8AA1-7A3C36BFBC73}
		{9863865D-557D-478B-AFAD-1E0BFEA30E4D} = {672F4648-CB88-4F17-97DF-A174E721FEA4}
		{2647CC2F-46BF-4FCE-8A42-911B682E86E2} = {672F4648-CB88-4F17-97DF-A174E721FEA4}
		{38171AF0-AE4C-4656-9271-07A3843861EF} = {2647CC2F-46BF-4FCE-8A42-911B682E86E2}
		{54FD3EA7-BE50-4C09-AF1C-25424BF682C5} = {46CAB679-29FB-4174-8D46-6C0ABC695295}
		{92B077F8-C58C-4440-AD7D-EAC2BC908D12} = {1E70791D-7247-4A8E-8AA1-7A3C36BFBC73}
		{12858A26-F3F4-4C11-90E1-1F5C3E8FC92D} = {92B077F8-C58C-4440-AD7D-EAC2BC908D12}
		{71A937E6-3671-4A47-805D-D72A4601E923} = {54FD3EA7-BE50-4C09-AF1C-25424BF682C5}
		{449351DF-EA73-4B4E-9D8C-80D337F01548} = {12858A26-F3F4-4C11-90E1-1F5C3E8FC92D}
		{58A840C0-95D3-4441-9288-91193B65DDB5} = {AE72FCFC-E40D-41FF-BDCC-1468125FEC93}
		{202A621D-8C56-4EBD-B8C2-482A1BB158D7} = {9863865D-557D-478B-AFAD-1E0BFEA30E4D}
		{6A1B1A0B-4909-46D1-AE18-601DD6A7EAD1} = {AE72FCFC-E40D-41FF-BDCC-1468125FEC93}
		{2676E765-A706-4E18-A094-6A2C3D6C18CB} = {9863865D-557D-478B-AFAD-1E0BFEA30E4D}
		{F6362A8A-CEEE-4DA5-9AF8-A0038FB10187} = {3469D036-6807-4302-ABC9-BA78830B76E1}
		{719E5705-6368-4CE7-BA48-016F55517C55} = {2647CC2F-46BF-4FCE-8A42-911B682E86E2}
		{8480C77A-53EF-42A4-BFD3-136733F8E809} = {46CAB679-29FB-4174-8D46-6C0ABC695295}
		{66D18A96-4630-43BD-B239-05F456117359} = {46CAB679-29FB-4174-8D46-6C0ABC695295}
		{E369B219-5B18-454F-93FD-6A07A755E368} = {46CAB679-29FB-4174-8D46-6C0ABC695295}
		{310EBC62-4B0D-463B-A2DC-79C04DC489AE} = {8480C77A-53EF-42A4-BFD3-136733F8E809}
		{CACBB826-FFA9-49B1-BC17-41E663D909FC} = {92B077F8-C58C-4440-AD7D-EAC2BC908D12}
		{4187AC80-19B6-41EC-AD10-D4BEDF888637} = {CACBB826-FFA9-49B1-BC17-41E663D909FC}
		{48E72CBE-B1A2-4511-95C5-B69B767006CE} = {8480C77A-53EF-42A4-BFD3-136733F8E809}
		{3AF8CD81-E2CD-4610-988A-82FD5C19CFC1} = {CACBB826-FFA9-49B1-BC17-41E663D909FC}
		{D4AE9A73-5A60-42F9-813B-A209E240C2D8} = {8480C77A-53EF-42A4-BFD3-136733F8E809}
		{E4997B64-F442-49C3-912A-FD5611F29613} = {CACBB826-FFA9-49B1-BC17-41E663D909FC}
	EndGlobalSection
EndGlobal
